{
  "name": "void-cpp-plugin",
  "version": "1.0.0",
  "lockfileVersion": 3,
  "requires": true,
  "packages": {
    "": {
      "name": "void-cpp-plugin",
      "version": "1.0.0",
      "dependencies": {
        "@voidwasm/runtime": "latest",
        "@voidwasm/sdk-cpp": "latest"
      }
    },
    "node_modules/@voidwasm/runtime": {
      "version": "1.0.2",
      "resolved": "https://registry.npmjs.org/@voidwasm/runtime/-/runtime-1.0.2.tgz",
      "integrity": "sha512-NcrCMuR3nUkqYqV+0a5TuCWMBkW7O1VXDrXbP213xZVH3CGgUZodGvnZUzLZZ7TpyyaKQfvxg+y5IHa4JFbGXA=="
    },
    "node_modules/@voidwasm/sdk-cpp": {
      "version": "1.0.3",
      "resolved": "https://registry.npmjs.org/@voidwasm/sdk-cpp/-/sdk-cpp-1.0.3.tgz",
      "integrity": "sha512-QeYToZgpYYGPNN5dZCr8bbfJuaqT8t+mQg33fQOdFS6eQgJ+SjLeHWEebjtELdbt9lx/UhNDZ0ocGAFOkp1wxg==",
      "license": "ISC"
    }
  }
}
