{
  "name": "void-cpp-plugin",
  "version": "1.0.0",
  "lockfileVersion": 3,
  "requires": true,
  "packages": {
    "": {
      "name": "void-cpp-plugin",
      "version": "1.0.0",
      "dependencies": {
        "@tgrv/void-runtime": "latest",
        "@tgrv/void-sdk-cpp": "latest"
      }
    },
    "node_modules/@tgrv/void-runtime": {
      "version": "1.0.1",
      "resolved": "https://registry.npmjs.org/@tgrv/void-runtime/-/void-runtime-1.0.1.tgz",
      "integrity": "sha512-zGnqcKMQKR3/5rDZF3fFgNQ+/tQto8MCp1r5M+EqnMYTf+IHg4MejAd6WfOp8gtZBHob7o783HpIn821pYPYLw=="
    },
    "node_modules/@tgrv/void-sdk-cpp": {
      "version": "1.0.3",
      "resolved": "https://registry.npmjs.org/@tgrv/void-sdk-cpp/-/void-sdk-cpp-1.0.3.tgz",
      "integrity": "sha512-xxueAE+QyRpzEqDMnnBYNb5FE+gYO9f7Q/cRVqZJhcs5N9Gw2+JwE0+akcY7QX2+cdfrhfcTsoxN7CM4VAa08w==",
      "license": "ISC"
    }
  }
}
